
Microsoft Visual Studio Solution File, Format Version 12.00
# Visual Studio Version 17
VisualStudioVersion = 17.14.37614.0 d17.14
MinimumVisualStudioVersion = 10.0.40219.1
Project("{FAE04EC0-301F-11D3-BF4B-00C04F79EFBC}") = "Nikita-Yarancev-kt-31-23", "Nikita-Yarancev-kt-31-23.csproj", "{2BA4AE25-BF4F-40BD-90D0-D85E9A20CDAE}"
EndProject
Global
	GlobalSection(SolutionConfigurationPlatforms) = preSolution
		Debug|Any CPU = Debug|Any CPU
		Release|Any CPU = Release|Any CPU
	EndGlobalSection
	GlobalSection(ProjectConfigurationPlatforms) = postSolution
		{2BA4AE25-BF4F-40BD-90D0-D85E9A20CDAE}.Debug|Any CPU.ActiveCfg = Debug|Any CPU
		{2BA4AE25-BF4F-40BD-90D0-D85E9A20CDAE}.Debug|Any CPU.Build.0 = Debug|Any CPU
		{2BA4AE25-BF4F-40BD-90D0-D85E9A20CDAE}.Release|Any CPU.ActiveCfg = Release|Any CPU
		{2BA4AE25-BF4F-40BD-90D0-D85E9A20CDAE}.Release|Any CPU.Build.0 = Release|Any CPU
	EndGlobalSection
	GlobalSection(SolutionProperties) = preSolution
		HideSolutionNode = FALSE
	EndGlobalSection
	GlobalSection(ExtensibilityGlobals) = postSolution
		SolutionGuid = {5A1A8F36-F5A0-49EC-BDF9-9E420DB026F2}
	EndGlobalSection
EndGlobal
